// !$*UTF8*$!
{
	archiveVersion = 1;
	classes = {
	};
	objectVersion = 56;
	objects = {

/* Begin PBXBuildFile section */
		FF36931B2975D5B100DDAFA4 /* AppDelegate.swift in Sources */ = {isa = PBXBuildFile; fileRef = FF36931A2975D5B100DDAFA4 /* AppDelegate.swift */; };
		FF36931D2975D5B100DDAFA4 /* SceneDelegate.swift in Sources */ = {isa = PBXBuildFile; fileRef = FF36931C2975D5B100DDAFA4 /* SceneDelegate.swift */; };
		FF36931F2975D5B100DDAFA4 /* GreyViewController.swift in Sources */ = {isa = PBXBuildFile; fileRef = FF36931E2975D5B100DDAFA4 /* GreyViewController.swift */; };
		FF3693222975D5B100DDAFA4 /* Main.storyboard in Resources */ = {isa = PBXBuildFile; fileRef = FF3693202975D5B100DDAFA4 /* Main.storyboard */; };
		FF3693242975D5B300DDAFA4 /* Assets.xcassets in Resources */ = {isa = PBXBuildFile; fileRef = FF3693232975D5B300DDAFA4 /* Assets.xcassets */; };
		FF3693272975D5B300DDAFA4 /* LaunchScreen.storyboard in Resources */ = {isa = PBXBuildFile; fileRef = FF3693252975D5B300DDAFA4 /* LaunchScreen.storyboard */; };
		FF3693312975D70400DDAFA4 /* WhiteViewController.swift in Sources */ = {isa = PBXBuildFile; fileRef = FF3693302975D70400DDAFA4 /* WhiteViewController.swift */; };
		FF3693342975D7DB00DDAFA4 /* Hero in Frameworks */ = {isa = PBXBuildFile; productRef = FF3693332975D7DB00DDAFA4 /* Hero */; };
/* End PBXBuildFile section */

/* Begin PBXFileReference section */
		FF3693172975D5B100DDAFA4 /* HeroTransitions.app */ = {isa = PBXFileReference; explicitFileType = wrapper.application; includeInIndex = 0; path = HeroTransitions.app; sourceTree = BUILT_PRODUCTS_DIR; };
		FF36931A2975D5B100DDAFA4 /* AppDelegate.swift */ = {isa = PBXFileReference; lastKnownFileType = sourcecode.swift; path = AppDelegate.swift; sourceTree = "<group>"; };
		FF36931C2975D5B100DDAFA4 /* SceneDelegate.swift */ = {isa = PBXFileReference; lastKnownFileType = sourcecode.swift; path = SceneDelegate.swift; sourceTree = "<group>"; };
		FF36931E2975D5B100DDAFA4 /* GreyViewController.swift */ = {isa = PBXFileReference; lastKnownFileType = sourcecode.swift; path = GreyViewController.swift; sourceTree = "<group>"; };
		FF3693212975D5B100DDAFA4 /* Base */ = {isa = PBXFileReference; lastKnownFileType = file.storyboard; name = Base; path = Base.lproj/Main.storyboard; sourceTree = "<group>"; };
		FF3693232975D5B300DDAFA4 /* Assets.xcassets */ = {isa = PBXFileReference; lastKnownFileType = folder.assetcatalog; path = Assets.xcassets; sourceTree = "<group>"; };
		FF3693262975D5B300DDAFA4 /* Base */ = {isa = PBXFileReference; lastKnownFileType = file.storyboard; name = Base; path = Base.lproj/LaunchScreen.storyboard; sourceTree = "<group>"; };
		FF3693282975D5B300DDAFA4 /* Info.plist */ = {isa = PBXFileReference; lastKnownFileType = text.plist.xml; path = Info.plist; sourceTree = "<group>"; };
		FF3693302975D70400DDAFA4 /* WhiteViewController.swift */ = {isa = PBXFileReference; lastKnownFileType = sourcecode.swift; path = WhiteViewController.swift; sourceTree = "<group>"; };
/* End PBXFileReference section */

/* Begin PBXFrameworksBuildPhase section */
		FF3693142975D5B100DDAFA4 /* Frameworks */ = {
			isa = PBXFrameworksBuildPhase;
			buildActionMask = 2147483647;
			files = (
				FF3693342975D7DB00DDAFA4 /* Hero in Frameworks */,
			);
			runOnlyForDeploymentPostprocessing = 0;
		};
/* End PBXFrameworksBuildPhase section */

/* Begin PBXGroup section */
		FF36930E2975D5B100DDAFA4 = {
			isa = PBXGroup;
			children = (
				FF3693192975D5B100DDAFA4 /* HeroTransitions */,
				FF3693182975D5B100DDAFA4 /* Products */,
			);
			sourceTree = "<group>";
		};
		FF3693182975D5B100DDAFA4 /* Products */ = {
			isa = PBXGroup;
			children = (
				FF3693172975D5B100DDAFA4 /* HeroTransitions.app */,
			);
			name = Products;
			sourceTree = "<group>";
		};
		FF3693192975D5B100DDAFA4 /* HeroTransitions */ = {
			isa = PBXGroup;
			children = (
				FF36931A2975D5B100DDAFA4 /* AppDelegate.swift */,
				FF36931C2975D5B100DDAFA4 /* SceneDelegate.swift */,
				FF36931E2975D5B100DDAFA4 /* GreyViewController.swift */,
				FF3693302975D70400DDAFA4 /* WhiteViewController.swift */,
				FF3693202975D5B100DDAFA4 /* Main.storyboard */,
				FF3693232975D5B300DDAFA4 /* Assets.xcassets */,
				FF3693252975D5B300DDAFA4 /* LaunchScreen.storyboard */,
				FF3693282975D5B300DDAFA4 /* Info.plist */,
			);
			path = HeroTransitions;
			sourceTree = "<group>";
		};
/* End PBXGroup section */

/* Begin PBXNativeTarget section */
		FF3693162975D5B100DDAFA4 /* HeroTransitions */ = {
			isa = PBXNativeTarget;
			buildConfigurationList = FF36932B2975D5B300DDAFA4 /* Build configuration list for PBXNativeTarget "HeroTransitions" */;
			buildPhases = (
				FF3693132975D5B100DDAFA4 /* Sources */,
				FF3693142975D5B100DDAFA4 /* Frameworks */,
				FF3693152975D5B100DDAFA4 /* Resources */,
			);
			buildRules = (
			);
			dependencies = (
			);
			name = HeroTransitions;
			packageProductDependencies = (
				FF3693332975D7DB00DDAFA4 /* Hero */,
			);
			productName = HeroTransitions;
			productReference = FF3693172975D5B100DDAFA4 /* HeroTransitions.app */;
			productType = "com.apple.product-type.application";
		};
/* End PBXNativeTarget section */

/* Begin PBXProject section */
		FF36930F2975D5B100DDAFA4 /* Project object */ = {
			isa = PBXProject;
			attributes = {
				BuildIndependentTargetsInParallel = 1;
				LastSwiftUpdateCheck = 1410;
				LastUpgradeCheck = 1410;
				TargetAttributes = {
					FF3693162975D5B100DDAFA4 = {
						CreatedOnToolsVersion = 14.1;
					};
				};
			};
			buildConfigurationList = FF3693122975D5B100DDAFA4 /* Build configuration list for PBXProject "HeroTransitions" */;
			compatibilityVersion = "Xcode 14.0";
			developmentRegion = en;
			hasScannedForEncodings = 0;
			knownRegions = (
				en,
				Base,
			);
			mainGroup = FF36930E2975D5B100DDAFA4;
			packageReferences = (
				FF3693322975D7DB00DDAFA4 /* XCRemoteSwiftPackageReference "Hero" */,
			);
			productRefGroup = FF3693182975D5B100DDAFA4 /* Products */;
			projectDirPath = "";
			projectRoot = "";
			targets = (
				FF3693162975D5B100DDAFA4 /* HeroTransitions */,
			);
		};
/* End PBXProject section */

/* Begin PBXResourcesBuildPhase section */
		FF3693152975D5B100DDAFA4 /* Resources */ = {
			isa = PBXResourcesBuildPhase;
			buildActionMask = 2147483647;
			files = (
				FF3693272975D5B300DDAFA4 /* LaunchScreen.storyboard in Resources */,
				FF3693242975D5B300DDAFA4 /* Assets.xcassets in Resources */,
				FF3693222975D5B100DDAFA4 /* Main.storyboard in Resources */,
			);
			runOnlyForDeploymentPostprocessing = 0;
		};
/* End PBXResourcesBuildPhase section */

/* Begin PBXSourcesBuildPhase section */
		FF3693132975D5B100DDAFA4 /* Sources */ = {
			isa = PBXSourcesBuildPhase;
			buildActionMask = 2147483647;
			files = (
				FF36931F2975D5B100DDAFA4 /* GreyViewController.swift in Sources */,
				FF3693312975D70400DDAFA4 /* WhiteViewController.swift in Sources */,
				FF36931B2975D5B100DDAFA4 /* AppDelegate.swift in Sources */,
				FF36931D2975D5B100DDAFA4 /* SceneDelegate.swift in Sources */,
			);
			runOnlyForDeploymentPostprocessing = 0;
		};
/* End PBXSourcesBuildPhase section */

/* Begin PBXVariantGroup section */
		FF3693202975D5B100DDAFA4 /* Main.storyboard */ = {
			isa = PBXVariantGroup;
			children = (
				FF3693212975D5B100DDAFA4 /* Base */,
			);
			name = Main.storyboard;
			sourceTree = "<group>";
		};
		FF3693252975D5B300DDAFA4 /* LaunchScreen.storyboard */ = {
			isa = PBXVariantGroup;
			children = (
				FF3693262975D5B300DDAFA4 /* Base */,
			);
			name = LaunchScreen.storyboard;
			sourceTree = "<group>";
		};
/* End PBXVariantGroup section */

/* Begin XCBuildConfiguration section */
		FF3693292975D5B300DDAFA4 /* Debug */ = {
			isa = XCBuildConfiguration;
			buildSettings = {
				ALWAYS_SEARCH_USER_PATHS = NO;
				CLANG_ANALYZER_NONNULL = YES;
				CLANG_ANALYZER_NUMBER_OBJECT_CONVERSION = YES_AGGRESSIVE;
				CLANG_CXX_LANGUAGE_STANDARD = "gnu++20";
				CLANG_ENABLE_MODULES = YES;
				CLANG_ENABLE_OBJC_ARC = YES;
				CLANG_ENABLE_OBJC_WEAK = YES;
				CLANG_WARN_BLOCK_CAPTURE_AUTORELEASING = YES;
				CLANG_WARN_BOOL_CONVERSION = YES;
				CLANG_WARN_COMMA = YES;
				CLANG_WARN_CONSTANT_CONVERSION = YES;
				CLANG_WARN_DEPRECATED_OBJC_IMPLEMENTATIONS = YES;
				CLANG_WARN_DIRECT_OBJC_ISA_USAGE = YES_ERROR;
				CLANG_WARN_DOCUMENTATION_COMMENTS = YES;
				CLANG_WARN_EMPTY_BODY = YES;
				CLANG_WARN_ENUM_CONVERSION = YES;
				CLANG_WARN_INFINITE_RECURSION = YES;
				CLANG_WARN_INT_CONVERSION = YES;
				CLANG_WARN_NON_LITERAL_NULL_CONVERSION = YES;
				CLANG_WARN_OBJC_IMPLICIT_RETAIN_SELF = YES;
				CLANG_WARN_OBJC_LITERAL_CONVERSION = YES;
				CLANG_WARN_OBJC_ROOT_CLASS = YES_ERROR;
				CLANG_WARN_QUOTED_INCLUDE_IN_FRAMEWORK_HEADER = YES;
				CLANG_WARN_RANGE_LOOP_ANALYSIS = YES;
				CLANG_WARN_STRICT_PROTOTYPES = YES;
				CLANG_WARN_SUSPICIOUS_MOVE = YES;
				CLANG_WARN_UNGUARDED_AVAILABILITY = YES_AGGRESSIVE;
				CLANG_WARN_UNREACHABLE_CODE = YES;
				CLANG_WARN__DUPLICATE_METHOD_MATCH = YES;
				COPY_PHASE_STRIP = NO;
				DEBUG_INFORMATION_FORMAT = dwarf;
				ENABLE_STRICT_OBJC_MSGSEND = YES;
				ENABLE_TESTABILITY = YES;
				GCC_C_LANGUAGE_STANDARD = gnu11;
				GCC_DYNAMIC_NO_PIC = NO;
				GCC_NO_COMMON_BLOCKS = YES;
				GCC_OPTIMIZATION_LEVEL = 0;
				GCC_PREPROCESSOR_DEFINITIONS = (
					"DEBUG=1",
					"$(inherited)",
				);
				GCC_WARN_64_TO_32_BIT_CONVERSION = YES;
				GCC_WARN_ABOUT_RETURN_TYPE = YES_ERROR;
				GCC_WARN_UNDECLARED_SELECTOR = YES;
				GCC_WARN_UNINITIALIZED_AUTOS = YES_AGGRESSIVE;
				GCC_WARN_UNUSED_FUNCTION = YES;
				GCC_WARN_UNUSED_VARIABLE = YES;
				IPHONEOS_DEPLOYMENT_TARGET = 16.1;
				MTL_ENABLE_DEBUG_INFO = INCLUDE_SOURCE;
				MTL_FAST_MATH = YES;
				ONLY_ACTIVE_ARCH = YES;
				SDKROOT = iphoneos;
				SWIFT_ACTIVE_COMPILATION_CONDITIONS = DEBUG;
				SWIFT_OPTIMIZATION_LEVEL = "-Onone";
			};
			name = Debug;
		};
		FF36932A2975D5B300DDAFA4 /* Release */ = {
			isa = XCBuildConfiguration;
			buildSettings = {
				ALWAYS_SEARCH_USER_PATHS = NO;
				CLANG_ANALYZER_NONNULL = YES;
				CLANG_ANALYZER_NUMBER_OBJECT_CONVERSION = YES_AGGRESSIVE;
				CLANG_CXX_LANGUAGE_STANDARD = "gnu++20";
				CLANG_ENABLE_MODULES = YES;
				CLANG_ENABLE_OBJC_ARC = YES;
				CLANG_ENABLE_OBJC_WEAK = YES;
				CLANG_WARN_BLOCK_CAPTURE_AUTORELEASING = YES;
				CLANG_WARN_BOOL_CONVERSION = YES;
				CLANG_WARN_COMMA = YES;
				CLANG_WARN_CONSTANT_CONVERSION = YES;
				CLANG_WARN_DEPRECATED_OBJC_IMPLEMENTATIONS = YES;
				CLANG_WARN_DIRECT_OBJC_ISA_USAGE = YES_ERROR;
				CLANG_WARN_DOCUMENTATION_COMMENTS = YES;
				CLANG_WARN_EMPTY_BODY = YES;
				CLANG_WARN_ENUM_CONVERSION = YES;
				CLANG_WARN_INFINITE_RECURSION = YES;
				CLANG_WARN_INT_CONVERSION = YES;
				CLANG_WARN_NON_LITERAL_NULL_CONVERSION = YES;
				CLANG_WARN_OBJC_IMPLICIT_RETAIN_SELF = YES;
				CLANG_WARN_OBJC_LITERAL_CONVERSION = YES;
				CLANG_WARN_OBJC_ROOT_CLASS = YES_ERROR;
				CLANG_WARN_QUOTED_INCLUDE_IN_FRAMEWORK_HEADER = YES;
				CLANG_WARN_RANGE_LOOP_ANALYSIS = YES;
				CLANG_WARN_STRICT_PROTOTYPES = YES;
				CLANG_WARN_SUSPICIOUS_MOVE = YES;
				CLANG_WARN_UNGUARDED_AVAILABILITY = YES_AGGRESSIVE;
				CLANG_WARN_UNREACHABLE_CODE = YES;
				CLANG_WARN__DUPLICATE_METHOD_MATCH = YES;
				COPY_PHASE_STRIP = NO;
				DEBUG_INFORMATION_FORMAT = "dwarf-with-dsym";
				ENABLE_NS_ASSERTIONS = NO;
				ENABLE_STRICT_OBJC_MSGSEND = YES;
				GCC_C_LANGUAGE_STANDARD = gnu11;
				GCC_NO_COMMON_BLOCKS = YES;
				GCC_WARN_64_TO_32_BIT_CONVERSION = YES;
				GCC_WARN_ABOUT_RETURN_TYPE = YES_ERROR;
				GCC_WARN_UNDECLARED_SELECTOR = YES;
				GCC_WARN_UNINITIALIZED_AUTOS = YES_AGGRESSIVE;
				GCC_WARN_UNUSED_FUNCTION = YES;
				GCC_WARN_UNUSED_VARIABLE = YES;
				IPHONEOS_DEPLOYMENT_TARGET = 16.1;
				MTL_ENABLE_DEBUG_INFO = NO;
				MTL_FAST_MATH = YES;
				SDKROOT = iphoneos;
				SWIFT_COMPILATION_MODE = wholemodule;
				SWIFT_OPTIMIZATION_LEVEL = "-O";
				VALIDATE_PRODUCT = YES;
			};
			name = Release;
		};
		FF36932C2975D5B300DDAFA4 /* Debug */ = {
			isa = XCBuildConfiguration;
			buildSettings = {
				ASSETCATALOG_COMPILER_APPICON_NAME = AppIcon;
				ASSETCATALOG_COMPILER_GLOBAL_ACCENT_COLOR_NAME = AccentColor;
				CODE_SIGN_STYLE = Automatic;
				CURRENT_PROJECT_VERSION = 1;
				DEVELOPMENT_TEAM = 7DKZH9VMX9;
				GENERATE_INFOPLIST_FILE = YES;
				INFOPLIST_FILE = HeroTransitions/Info.plist;
				INFOPLIST_KEY_UIApplicationSupportsIndirectInputEvents = YES;
				INFOPLIST_KEY_UILaunchStoryboardName = LaunchScreen;
				INFOPLIST_KEY_UIMainStoryboardFile = Main;
				INFOPLIST_KEY_UISupportedInterfaceOrientations_iPad = "UIInterfaceOrientationPortrait UIInterfaceOrientationPortraitUpsideDown UIInterfaceOrientationLandscapeLeft UIInterfaceOrientationLandscapeRight";
				INFOPLIST_KEY_UISupportedInterfaceOrientations_iPhone = "UIInterfaceOrientationPortrait UIInterfaceOrientationLandscapeLeft UIInterfaceOrientationLandscapeRight";
				LD_RUNPATH_SEARCH_PATHS = (
					"$(inherited)",
					"@executable_path/Frameworks",
				);
				MARKETING_VERSION = 1.0;
				PRODUCT_BUNDLE_IDENTIFIER = com.batuhan.HeroTransitions;
				PRODUCT_NAME = "$(TARGET_NAME)";
				SWIFT_EMIT_LOC_STRINGS = YES;
				SWIFT_VERSION = 5.0;
				TARGETED_DEVICE_FAMILY = "1,2";
			};
			name = Debug;
		};
		FF36932D2975D5B300DDAFA4 /* Release */ = {
			isa = XCBuildConfiguration;
			buildSettings = {
				ASSETCATALOG_COMPILER_APPICON_NAME = AppIcon;
				ASSETCATALOG_COMPILER_GLOBAL_ACCENT_COLOR_NAME = AccentColor;
				CODE_SIGN_STYLE = Automatic;
				CURRENT_PROJECT_VERSION = 1;
				DEVELOPMENT_TEAM = 7DKZH9VMX9;
				GENERATE_INFOPLIST_FILE = YES;
				INFOPLIST_FILE = HeroTransitions/Info.plist;
				INFOPLIST_KEY_UIApplicationSupportsIndirectInputEvents = YES;
				INFOPLIST_KEY_UILaunchStoryboardName = LaunchScreen;
				INFOPLIST_KEY_UIMainStoryboardFile = Main;
				INFOPLIST_KEY_UISupportedInterfaceOrientations_iPad = "UIInterfaceOrientationPortrait UIInterfaceOrientationPortraitUpsideDown UIInterfaceOrientationLandscapeLeft UIInterfaceOrientationLandscapeRight";
				INFOPLIST_KEY_UISupportedInterfaceOrientations_iPhone = "UIInterfaceOrientationPortrait UIInterfaceOrientationLandscapeLeft UIInterfaceOrientationLandscapeRight";
				LD_RUNPATH_SEARCH_PATHS = (
					"$(inherited)",
					"@executable_path/Frameworks",
				);
				MARKETING_VERSION = 1.0;
				PRODUCT_BUNDLE_IDENTIFIER = com.batuhan.HeroTransitions;
				PRODUCT_NAME = "$(TARGET_NAME)";
				SWIFT_EMIT_LOC_STRINGS = YES;
				SWIFT_VERSION = 5.0;
				TARGETED_DEVICE_FAMILY = "1,2";
			};
			name = Release;
		};
/* End XCBuildConfiguration section */

/* Begin XCConfigurationList section */
		FF3693122975D5B100DDAFA4 /* Build configuration list for PBXProject "HeroTransitions" */ = {
			isa = XCConfigurationList;
			buildConfigurations = (
				FF3693292975D5B300DDAFA4 /* Debug */,
				FF36932A2975D5B300DDAFA4 /* Release */,
			);
			defaultConfigurationIsVisible = 0;
			defaultConfigurationName = Release;
		};
		FF36932B2975D5B300DDAFA4 /* Build configuration list for PBXNativeTarget "HeroTransitions" */ = {
			isa = XCConfigurationList;
			buildConfigurations = (
				FF36932C2975D5B300DDAFA4 /* Debug */,
				FF36932D2975D5B300DDAFA4 /* Release */,
			);
			defaultConfigurationIsVisible = 0;
			defaultConfigurationName = Release;
		};
/* End XCConfigurationList section */

/* Begin XCRemoteSwiftPackageReference section */
		FF3693322975D7DB00DDAFA4 /* XCRemoteSwiftPackageReference "Hero" */ = {
			isa = XCRemoteSwiftPackageReference;
			repositoryURL = "https://github.com/HeroTransitions/Hero.git";
			requirement = {
				kind = upToNextMajorVersion;
				minimumVersion = 1.0.0;
			};
		};
/* End XCRemoteSwiftPackageReference section */

/* Begin XCSwiftPackageProductDependency section */
		FF3693332975D7DB00DDAFA4 /* Hero */ = {
			isa = XCSwiftPackageProductDependency;
			package = FF3693322975D7DB00DDAFA4 /* XCRemoteSwiftPackageReference "Hero" */;
			productName = Hero;
		};
/* End XCSwiftPackageProductDependency section */
	};
	rootObject = FF36930F2975D5B100DDAFA4 /* Project object */;
}
